
Microsoft Visual Studio Solution File, Format Version 12.00
# Visual Studio Version 16
VisualStudioVersion = 16.0.31529.145
MinimumVisualStudioVersion = 10.0.40219.1
Project("{9A19103F-16F7-4668-BE54-9A1E7A4F7556}") = "Sprint0", "Sprint0.csproj", "{7F874DEA-343A-4B73-AEA0-706963370575}"
EndProject
Global
	GlobalSection(SolutionConfigurationPlatforms) = preSolution
		Debug|Any CPU = Debug|Any CPU
		Release|Any CPU = Release|Any CPU
	EndGlobalSection
	GlobalSection(ProjectConfigurationPlatforms) = postSolution
		{7F874DEA-343A-4B73-AEA0-706963370575}.Debug|Any CPU.ActiveCfg = Debug|Any CPU
		{7F874DEA-343A-4B73-AEA0-706963370575}.Debug|Any CPU.Build.0 = Debug|Any CPU
		{7F874DEA-343A-4B73-AEA0-706963370575}.Release|Any CPU.ActiveCfg = Release|Any CPU
		{7F874DEA-343A-4B73-AEA0-706963370575}.Release|Any CPU.Build.0 = Release|Any CPU
	EndGlobalSection
	GlobalSection(SolutionProperties) = preSolution
		HideSolutionNode = FALSE
	EndGlobalSection
	GlobalSection(ExtensibilityGlobals) = postSolution
		SolutionGuid = {41CCBF06-E084-4937-8D1C-911CE085B309}
	EndGlobalSection
EndGlobal
