
Microsoft Visual Studio Solution File, Format Version 12.00
# Visual Studio Version 16
VisualStudioVersion = 16.0.32002.261
MinimumVisualStudioVersion = 10.0.40219.1
Project("{9A19103F-16F7-4668-BE54-9A1E7A4F7556}") = "Sprint0", "Sprint0.csproj", "{19161F3B-C6F5-46E6-9A77-6313D8DA28B1}"
EndProject
Global
	GlobalSection(SolutionConfigurationPlatforms) = preSolution
		Debug|Any CPU = Debug|Any CPU
		Release|Any CPU = Release|Any CPU
	EndGlobalSection
	GlobalSection(ProjectConfigurationPlatforms) = postSolution
		{19161F3B-C6F5-46E6-9A77-6313D8DA28B1}.Debug|Any CPU.ActiveCfg = Debug|Any CPU
		{19161F3B-C6F5-46E6-9A77-6313D8DA28B1}.Debug|Any CPU.Build.0 = Debug|Any CPU
		{19161F3B-C6F5-46E6-9A77-6313D8DA28B1}.Release|Any CPU.ActiveCfg = Release|Any CPU
		{19161F3B-C6F5-46E6-9A77-6313D8DA28B1}.Release|Any CPU.Build.0 = Release|Any CPU
	EndGlobalSection
	GlobalSection(SolutionProperties) = preSolution
		HideSolutionNode = FALSE
	EndGlobalSection
	GlobalSection(ExtensibilityGlobals) = postSolution
		SolutionGuid = {F02F902D-93EC-404C-AAB7-5066AB167FC8}
	EndGlobalSection
EndGlobal
